
Microsoft Visual Studio Solution File, Format Version 12.00
# Visual Studio Version 16
VisualStudioVersion = 16.0.31911.196
MinimumVisualStudioVersion = 10.0.40219.1
Project("{FAE04EC0-301F-11D3-BF4B-00C04F79EFBC}") = "olimp", "olimp\olimp.csproj", "{83A34C8E-42A7-4DB9-BC27-715651AF2974}"
EndProject
Global
	GlobalSection(SolutionConfigurationPlatforms) = preSolution
		Debug|Any CPU = Debug|Any CPU
		Release|Any CPU = Release|Any CPU
	EndGlobalSection
	GlobalSection(ProjectConfigurationPlatforms) = postSolution
		{83A34C8E-42A7-4DB9-BC27-715651AF2974}.Debug|Any CPU.ActiveCfg = Debug|Any CPU
		{83A34C8E-42A7-4DB9-BC27-715651AF2974}.Debug|Any CPU.Build.0 = Debug|Any CPU
		{83A34C8E-42A7-4DB9-BC27-715651AF2974}.Release|Any CPU.ActiveCfg = Release|Any CPU
		{83A34C8E-42A7-4DB9-BC27-715651AF2974}.Release|Any CPU.Build.0 = Release|Any CPU
	EndGlobalSection
	GlobalSection(SolutionProperties) = preSolution
		HideSolutionNode = FALSE
	EndGlobalSection
	GlobalSection(ExtensibilityGlobals) = postSolution
		SolutionGuid = {E818DFA0-14F8-4A18-B5F6-71A9F5C4ABFF}
	EndGlobalSection
EndGlobal
